
Microsoft Visual Studio Solution File, Format Version 12.00
# Visual Studio Version 17
VisualStudioVersion = 17.8.34322.80
MinimumVisualStudioVersion = 10.0.40219.1
Project("{FAE04EC0-301F-11D3-BF4B-00C04F79EFBC}") = "BolsaEmpleoWebApi", "BolsaEmpleoWebApi.csproj", "{D2FDCB8D-332F-4DE2-A144-72711058C00A}"
EndProject
Global
	GlobalSection(SolutionConfigurationPlatforms) = preSolution
		Debug|Any CPU = Debug|Any CPU
		Release|Any CPU = Release|Any CPU
	EndGlobalSection
	GlobalSection(ProjectConfigurationPlatforms) = postSolution
		{D2FDCB8D-332F-4DE2-A144-72711058C00A}.Debug|Any CPU.ActiveCfg = Debug|Any CPU
		{D2FDCB8D-332F-4DE2-A144-72711058C00A}.Debug|Any CPU.Build.0 = Debug|Any CPU
		{D2FDCB8D-332F-4DE2-A144-72711058C00A}.Release|Any CPU.ActiveCfg = Release|Any CPU
		{D2FDCB8D-332F-4DE2-A144-72711058C00A}.Release|Any CPU.Build.0 = Release|Any CPU
	EndGlobalSection
	GlobalSection(SolutionProperties) = preSolution
		HideSolutionNode = FALSE
	EndGlobalSection
	GlobalSection(ExtensibilityGlobals) = postSolution
		SolutionGuid = {A1D50D15-C8C8-4EF2-BA37-0C106871B90D}
	EndGlobalSection
EndGlobal
